// !$*UTF8*$!
{
	archiveVersion = 1;
	classes = {
	};
	objectVersion = 50;
	objects = {

/* Begin PBXBuildFile section */
		69509E9A216E33160087A822 /* UIColorExtension.swift in Sources */ = {isa = PBXBuildFile; fileRef = 69509E99216E33160087A822 /* UIColorExtension.swift */; };
		69509E9C216E37D50087A822 /* UINavigationBarExtension.swift in Sources */ = {isa = PBXBuildFile; fileRef = 69509E9B216E37D50087A822 /* UINavigationBarExtension.swift */; };
		69509E9E216E4EB10087A822 /* FeedDetailPopAnimator.swift in Sources */ = {isa = PBXBuildFile; fileRef = 69509E9D216E4EB10087A822 /* FeedDetailPopAnimator.swift */; };
		69509EA0216E6AE40087A822 /* UIApplicationExtension.swift in Sources */ = {isa = PBXBuildFile; fileRef = 69509E9F216E6AE40087A822 /* UIApplicationExtension.swift */; };
		69509EA2216E6F9D0087A822 /* UIViewControllerExtension.swift in Sources */ = {isa = PBXBuildFile; fileRef = 69509EA1216E6F9D0087A822 /* UIViewControllerExtension.swift */; };
		69509EA4216E9EF80087A822 /* FeedDetailPresenter.swift in Sources */ = {isa = PBXBuildFile; fileRef = 69509EA3216E9EF80087A822 /* FeedDetailPresenter.swift */; };
		69509EA6216E9F020087A822 /* FeedDetailViewProtocol.swift in Sources */ = {isa = PBXBuildFile; fileRef = 69509EA5216E9F020087A822 /* FeedDetailViewProtocol.swift */; };
		69509EA8216E9FBA0087A822 /* FeedDetailViewModel.swift in Sources */ = {isa = PBXBuildFile; fileRef = 69509EA7216E9FBA0087A822 /* FeedDetailViewModel.swift */; };
		8D2BC6A5216C522C006F5C31 /* NSObjectExtension.swift in Sources */ = {isa = PBXBuildFile; fileRef = 8D2BC6A4216C522C006F5C31 /* NSObjectExtension.swift */; };
		8D2BC6A7216C5D77006F5C31 /* FeedListFlowLayout.swift in Sources */ = {isa = PBXBuildFile; fileRef = 8D2BC6A6216C5D77006F5C31 /* FeedListFlowLayout.swift */; };
		8DAF33A7216D7FCD00B37A4B /* FeedDetailViewController.swift in Sources */ = {isa = PBXBuildFile; fileRef = 8DAF33A6216D7FCD00B37A4B /* FeedDetailViewController.swift */; };
		8DAF33AB216D893C00B37A4B /* News.swift in Sources */ = {isa = PBXBuildFile; fileRef = 8DAF33AA216D893C00B37A4B /* News.swift */; };
		8DAF33AD216D8A1200B37A4B /* Article.swift in Sources */ = {isa = PBXBuildFile; fileRef = 8DAF33AC216D8A1200B37A4B /* Article.swift */; };
		8DAF33AF216D8B1400B37A4B /* Source.swift in Sources */ = {isa = PBXBuildFile; fileRef = 8DAF33AE216D8B1400B37A4B /* Source.swift */; };
		8DAF33B1216D8B8B00B37A4B /* NewsService.swift in Sources */ = {isa = PBXBuildFile; fileRef = 8DAF33B0216D8B8B00B37A4B /* NewsService.swift */; };
		8DAF33B3216D8BFB00B37A4B /* AppEnvironment.swift in Sources */ = {isa = PBXBuildFile; fileRef = 8DAF33B2216D8BFB00B37A4B /* AppEnvironment.swift */; };
		8DAF33B5216D91D200B37A4B /* FeedListViewProtocol.swift in Sources */ = {isa = PBXBuildFile; fileRef = 8DAF33B4216D91D200B37A4B /* FeedListViewProtocol.swift */; };
		8DAF33B7216D920800B37A4B /* FeedListPresenter.swift in Sources */ = {isa = PBXBuildFile; fileRef = 8DAF33B6216D920800B37A4B /* FeedListPresenter.swift */; };
		8DAF33B9216D96FE00B37A4B /* FeedItemViewModel.swift in Sources */ = {isa = PBXBuildFile; fileRef = 8DAF33B8216D96FE00B37A4B /* FeedItemViewModel.swift */; };
		8DE27309216A9284008C564A /* AppDelegate.swift in Sources */ = {isa = PBXBuildFile; fileRef = 8DE27308216A9284008C564A /* AppDelegate.swift */; };
		8DE27310216A9286008C564A /* Assets.xcassets in Resources */ = {isa = PBXBuildFile; fileRef = 8DE2730F216A9286008C564A /* Assets.xcassets */; };
		8DE27313216A9286008C564A /* LaunchScreen.storyboard in Resources */ = {isa = PBXBuildFile; fileRef = 8DE27311216A9286008C564A /* LaunchScreen.storyboard */; };
		8DE2731F216A97FC008C564A /* RequestError.swift in Sources */ = {isa = PBXBuildFile; fileRef = 8DE2731E216A97FC008C564A /* RequestError.swift */; };
		8DE27321216A981C008C564A /* RequestMethod.swift in Sources */ = {isa = PBXBuildFile; fileRef = 8DE27320216A981C008C564A /* RequestMethod.swift */; };
		8DE27323216A9867008C564A /* RequestClientProtocol.swift in Sources */ = {isa = PBXBuildFile; fileRef = 8DE27322216A9867008C564A /* RequestClientProtocol.swift */; };
		8DE27325216A98B5008C564A /* URLSessionRequestClient.swift in Sources */ = {isa = PBXBuildFile; fileRef = 8DE27324216A98B5008C564A /* URLSessionRequestClient.swift */; };
		8DE27327216A992A008C564A /* RequestClient.swift in Sources */ = {isa = PBXBuildFile; fileRef = 8DE27326216A992A008C564A /* RequestClient.swift */; };
		8DE2732C216A9FDE008C564A /* UIImageViewExtension.swift in Sources */ = {isa = PBXBuildFile; fileRef = 8DE2732B216A9FDE008C564A /* UIImageViewExtension.swift */; };
		8DE27334216AB41B008C564A /* FeedListViewController.swift in Sources */ = {isa = PBXBuildFile; fileRef = 8DE27333216AB41B008C564A /* FeedListViewController.swift */; };
		8DE2733A216AB849008C564A /* FeedRouter.swift in Sources */ = {isa = PBXBuildFile; fileRef = 8DE27339216AB849008C564A /* FeedRouter.swift */; };
		8DE2733E216C3446008C564A /* FeedItemCell.swift in Sources */ = {isa = PBXBuildFile; fileRef = 8DE2733D216C3446008C564A /* FeedItemCell.swift */; };
/* End PBXBuildFile section */

/* Begin PBXFileReference section */
		69509E99216E33160087A822 /* UIColorExtension.swift */ = {isa = PBXFileReference; lastKnownFileType = sourcecode.swift; path = UIColorExtension.swift; sourceTree = "<group>"; };
		69509E9B216E37D50087A822 /* UINavigationBarExtension.swift */ = {isa = PBXFileReference; lastKnownFileType = sourcecode.swift; path = UINavigationBarExtension.swift; sourceTree = "<group>"; };
		69509E9D216E4EB10087A822 /* FeedDetailPopAnimator.swift */ = {isa = PBXFileReference; lastKnownFileType = sourcecode.swift; path = FeedDetailPopAnimator.swift; sourceTree = "<group>"; };
		69509E9F216E6AE40087A822 /* UIApplicationExtension.swift */ = {isa = PBXFileReference; lastKnownFileType = sourcecode.swift; path = UIApplicationExtension.swift; sourceTree = "<group>"; };
		69509EA1216E6F9D0087A822 /* UIViewControllerExtension.swift */ = {isa = PBXFileReference; lastKnownFileType = sourcecode.swift; path = UIViewControllerExtension.swift; sourceTree = "<group>"; };
		69509EA3216E9EF80087A822 /* FeedDetailPresenter.swift */ = {isa = PBXFileReference; lastKnownFileType = sourcecode.swift; path = FeedDetailPresenter.swift; sourceTree = "<group>"; };
		69509EA5216E9F020087A822 /* FeedDetailViewProtocol.swift */ = {isa = PBXFileReference; lastKnownFileType = sourcecode.swift; path = FeedDetailViewProtocol.swift; sourceTree = "<group>"; };
		69509EA7216E9FBA0087A822 /* FeedDetailViewModel.swift */ = {isa = PBXFileReference; lastKnownFileType = sourcecode.swift; path = FeedDetailViewModel.swift; sourceTree = "<group>"; };
		8D2BC6A4216C522C006F5C31 /* NSObjectExtension.swift */ = {isa = PBXFileReference; lastKnownFileType = sourcecode.swift; path = NSObjectExtension.swift; sourceTree = "<group>"; };
		8D2BC6A6216C5D77006F5C31 /* FeedListFlowLayout.swift */ = {isa = PBXFileReference; lastKnownFileType = sourcecode.swift; path = FeedListFlowLayout.swift; sourceTree = "<group>"; };
		8DAF33A6216D7FCD00B37A4B /* FeedDetailViewController.swift */ = {isa = PBXFileReference; lastKnownFileType = sourcecode.swift; path = FeedDetailViewController.swift; sourceTree = "<group>"; };
		8DAF33AA216D893C00B37A4B /* News.swift */ = {isa = PBXFileReference; lastKnownFileType = sourcecode.swift; path = News.swift; sourceTree = "<group>"; };
		8DAF33AC216D8A1200B37A4B /* Article.swift */ = {isa = PBXFileReference; lastKnownFileType = sourcecode.swift; path = Article.swift; sourceTree = "<group>"; };
		8DAF33AE216D8B1400B37A4B /* Source.swift */ = {isa = PBXFileReference; lastKnownFileType = sourcecode.swift; path = Source.swift; sourceTree = "<group>"; };
		8DAF33B0216D8B8B00B37A4B /* NewsService.swift */ = {isa = PBXFileReference; lastKnownFileType = sourcecode.swift; path = NewsService.swift; sourceTree = "<group>"; };
		8DAF33B2216D8BFB00B37A4B /* AppEnvironment.swift */ = {isa = PBXFileReference; lastKnownFileType = sourcecode.swift; path = AppEnvironment.swift; sourceTree = "<group>"; };
		8DAF33B4216D91D200B37A4B /* FeedListViewProtocol.swift */ = {isa = PBXFileReference; lastKnownFileType = sourcecode.swift; path = FeedListViewProtocol.swift; sourceTree = "<group>"; };
		8DAF33B6216D920800B37A4B /* FeedListPresenter.swift */ = {isa = PBXFileReference; lastKnownFileType = sourcecode.swift; path = FeedListPresenter.swift; sourceTree = "<group>"; };
		8DAF33B8216D96FE00B37A4B /* FeedItemViewModel.swift */ = {isa = PBXFileReference; lastKnownFileType = sourcecode.swift; path = FeedItemViewModel.swift; sourceTree = "<group>"; };
		8DE27305216A9284008C564A /* NewsFeed.app */ = {isa = PBXFileReference; explicitFileType = wrapper.application; includeInIndex = 0; path = NewsFeed.app; sourceTree = BUILT_PRODUCTS_DIR; };
		8DE27308216A9284008C564A /* AppDelegate.swift */ = {isa = PBXFileReference; lastKnownFileType = sourcecode.swift; path = AppDelegate.swift; sourceTree = "<group>"; };
		8DE2730F216A9286008C564A /* Assets.xcassets */ = {isa = PBXFileReference; lastKnownFileType = folder.assetcatalog; path = Assets.xcassets; sourceTree = "<group>"; };
		8DE27312216A9286008C564A /* Base */ = {isa = PBXFileReference; lastKnownFileType = file.storyboard; name = Base; path = Base.lproj/LaunchScreen.storyboard; sourceTree = "<group>"; };
		8DE27314216A9286008C564A /* Info.plist */ = {isa = PBXFileReference; lastKnownFileType = text.plist.xml; path = Info.plist; sourceTree = "<group>"; };
		8DE2731E216A97FC008C564A /* RequestError.swift */ = {isa = PBXFileReference; lastKnownFileType = sourcecode.swift; path = RequestError.swift; sourceTree = "<group>"; };
		8DE27320216A981C008C564A /* RequestMethod.swift */ = {isa = PBXFileReference; lastKnownFileType = sourcecode.swift; path = RequestMethod.swift; sourceTree = "<group>"; };
		8DE27322216A9867008C564A /* RequestClientProtocol.swift */ = {isa = PBXFileReference; lastKnownFileType = sourcecode.swift; path = RequestClientProtocol.swift; sourceTree = "<group>"; };
		8DE27324216A98B5008C564A /* URLSessionRequestClient.swift */ = {isa = PBXFileReference; lastKnownFileType = sourcecode.swift; path = URLSessionRequestClient.swift; sourceTree = "<group>"; };
		8DE27326216A992A008C564A /* RequestClient.swift */ = {isa = PBXFileReference; lastKnownFileType = sourcecode.swift; path = RequestClient.swift; sourceTree = "<group>"; };
		8DE2732B216A9FDE008C564A /* UIImageViewExtension.swift */ = {isa = PBXFileReference; lastKnownFileType = sourcecode.swift; path = UIImageViewExtension.swift; sourceTree = "<group>"; };
		8DE27333216AB41B008C564A /* FeedListViewController.swift */ = {isa = PBXFileReference; lastKnownFileType = sourcecode.swift; path = FeedListViewController.swift; sourceTree = "<group>"; };
		8DE27339216AB849008C564A /* FeedRouter.swift */ = {isa = PBXFileReference; lastKnownFileType = sourcecode.swift; path = FeedRouter.swift; sourceTree = "<group>"; };
		8DE2733D216C3446008C564A /* FeedItemCell.swift */ = {isa = PBXFileReference; lastKnownFileType = sourcecode.swift; path = FeedItemCell.swift; sourceTree = "<group>"; };
/* End PBXFileReference section */

/* Begin PBXFrameworksBuildPhase section */
		8DE27302216A9284008C564A /* Frameworks */ = {
			isa = PBXFrameworksBuildPhase;
			buildActionMask = 2147483647;
			files = (
			);
			runOnlyForDeploymentPostprocessing = 0;
		};
/* End PBXFrameworksBuildPhase section */

/* Begin PBXGroup section */
		8DAF33A2216D7EA200B37A4B /* Detail */ = {
			isa = PBXGroup;
			children = (
				8DAF33A5216D7FB800B37A4B /* Model */,
				8DAF33A4216D7FB300B37A4B /* View */,
				8DAF33A3216D7FAC00B37A4B /* Presenter */,
			);
			path = Detail;
			sourceTree = "<group>";
		};
		8DAF33A3216D7FAC00B37A4B /* Presenter */ = {
			isa = PBXGroup;
			children = (
				69509EA3216E9EF80087A822 /* FeedDetailPresenter.swift */,
				69509EA5216E9F020087A822 /* FeedDetailViewProtocol.swift */,
			);
			path = Presenter;
			sourceTree = "<group>";
		};
		8DAF33A4216D7FB300B37A4B /* View */ = {
			isa = PBXGroup;
			children = (
				8DAF33A6216D7FCD00B37A4B /* FeedDetailViewController.swift */,
				69509E9D216E4EB10087A822 /* FeedDetailPopAnimator.swift */,
			);
			path = View;
			sourceTree = "<group>";
		};
		8DAF33A5216D7FB800B37A4B /* Model */ = {
			isa = PBXGroup;
			children = (
				69509EA7216E9FBA0087A822 /* FeedDetailViewModel.swift */,
			);
			path = Model;
			sourceTree = "<group>";
		};
		8DAF33A8216D851100B37A4B /* Services */ = {
			isa = PBXGroup;
			children = (
				8DAF33A9216D892D00B37A4B /* Model */,
				8DAF33B0216D8B8B00B37A4B /* NewsService.swift */,
			);
			path = Services;
			sourceTree = "<group>";
		};
		8DAF33A9216D892D00B37A4B /* Model */ = {
			isa = PBXGroup;
			children = (
				8DAF33AC216D8A1200B37A4B /* Article.swift */,
				8DAF33AA216D893C00B37A4B /* News.swift */,
				8DAF33AE216D8B1400B37A4B /* Source.swift */,
			);
			path = Model;
			sourceTree = "<group>";
		};
		8DE272FC216A9284008C564A = {
			isa = PBXGroup;
			children = (
				8DE27307216A9284008C564A /* NewsFeed */,
				8DE27306216A9284008C564A /* Products */,
			);
			sourceTree = "<group>";
		};
		8DE27306216A9284008C564A /* Products */ = {
			isa = PBXGroup;
			children = (
				8DE27305216A9284008C564A /* NewsFeed.app */,
			);
			name = Products;
			sourceTree = "<group>";
		};
		8DE27307216A9284008C564A /* NewsFeed */ = {
			isa = PBXGroup;
			children = (
				8DE27329216A9F07008C564A /* App */,
				8DE27328216A99AB008C564A /* Features */,
				8DE2731C216A96EF008C564A /* Helpers */,
				8DE2731A216A96BC008C564A /* Resources */,
				8DAF33A8216D851100B37A4B /* Services */,
			);
			path = NewsFeed;
			sourceTree = "<group>";
		};
		8DE2731A216A96BC008C564A /* Resources */ = {
			isa = PBXGroup;
			children = (
				8DE2731B216A96CC008C564A /* Assets */,
				8DE27314216A9286008C564A /* Info.plist */,
				8DE27311216A9286008C564A /* LaunchScreen.storyboard */,
			);
			path = Resources;
			sourceTree = "<group>";
		};
		8DE2731B216A96CC008C564A /* Assets */ = {
			isa = PBXGroup;
			children = (
				8DE2730F216A9286008C564A /* Assets.xcassets */,
			);
			path = Assets;
			sourceTree = "<group>";
		};
		8DE2731C216A96EF008C564A /* Helpers */ = {
			isa = PBXGroup;
			children = (
				8DE2732A216A9FCA008C564A /* Extensions */,
				8DE2731D216A96F9008C564A /* Service */,
			);
			path = Helpers;
			sourceTree = "<group>";
		};
		8DE2731D216A96F9008C564A /* Service */ = {
			isa = PBXGroup;
			children = (
				8DE27326216A992A008C564A /* RequestClient.swift */,
				8DE27322216A9867008C564A /* RequestClientProtocol.swift */,
				8DE2731E216A97FC008C564A /* RequestError.swift */,
				8DE27320216A981C008C564A /* RequestMethod.swift */,
				8DE27324216A98B5008C564A /* URLSessionRequestClient.swift */,
			);
			path = Service;
			sourceTree = "<group>";
		};
		8DE27328216A99AB008C564A /* Features */ = {
			isa = PBXGroup;
			children = (
				8DAF33A2216D7EA200B37A4B /* Detail */,
				8DE2732F216AB3BF008C564A /* List */,
			);
			path = Features;
			sourceTree = "<group>";
		};
		8DE27329216A9F07008C564A /* App */ = {
			isa = PBXGroup;
			children = (
				8DE27308216A9284008C564A /* AppDelegate.swift */,
				8DAF33B2216D8BFB00B37A4B /* AppEnvironment.swift */,
			);
			path = App;
			sourceTree = "<group>";
		};
		8DE2732A216A9FCA008C564A /* Extensions */ = {
			isa = PBXGroup;
			children = (
				8D2BC6A4216C522C006F5C31 /* NSObjectExtension.swift */,
				69509E9F216E6AE40087A822 /* UIApplicationExtension.swift */,
				69509E99216E33160087A822 /* UIColorExtension.swift */,
				8DE2732B216A9FDE008C564A /* UIImageViewExtension.swift */,
				69509E9B216E37D50087A822 /* UINavigationBarExtension.swift */,
				69509EA1216E6F9D0087A822 /* UIViewControllerExtension.swift */,
			);
			path = Extensions;
			sourceTree = "<group>";
		};
		8DE2732F216AB3BF008C564A /* List */ = {
			isa = PBXGroup;
			children = (
				8DE27338216AB837008C564A /* Router */,
				8DE27332216AB3FD008C564A /* Model */,
				8DE27331216AB3F7008C564A /* View */,
				8DE27330216AB3EF008C564A /* Presenter */,
			);
			path = List;
			sourceTree = "<group>";
		};
		8DE27330216AB3EF008C564A /* Presenter */ = {
			isa = PBXGroup;
			children = (
				8DAF33B6216D920800B37A4B /* FeedListPresenter.swift */,
				8DAF33B4216D91D200B37A4B /* FeedListViewProtocol.swift */,
			);
			path = Presenter;
			sourceTree = "<group>";
		};
		8DE27331216AB3F7008C564A /* View */ = {
			isa = PBXGroup;
			children = (
				8D2BC6A6216C5D77006F5C31 /* FeedListFlowLayout.swift */,
				8DE27333216AB41B008C564A /* FeedListViewController.swift */,
				8DE2733C216C339E008C564A /* ViewCell */,
			);
			path = View;
			sourceTree = "<group>";
		};
		8DE27332216AB3FD008C564A /* Model */ = {
			isa = PBXGroup;
			children = (
				8DAF33B8216D96FE00B37A4B /* FeedItemViewModel.swift */,
			);
			path = Model;
			sourceTree = "<group>";
		};
		8DE27338216AB837008C564A /* Router */ = {
			isa = PBXGroup;
			children = (
				8DE27339216AB849008C564A /* FeedRouter.swift */,
			);
			path = Router;
			sourceTree = "<group>";
		};
		8DE2733C216C339E008C564A /* ViewCell */ = {
			isa = PBXGroup;
			children = (
				8DE2733D216C3446008C564A /* FeedItemCell.swift */,
			);
			path = ViewCell;
			sourceTree = "<group>";
		};
/* End PBXGroup section */

/* Begin PBXNativeTarget section */
		8DE27304216A9284008C564A /* NewsFeed */ = {
			isa = PBXNativeTarget;
			buildConfigurationList = 8DE27317216A9286008C564A /* Build configuration list for PBXNativeTarget "NewsFeed" */;
			buildPhases = (
				8DE27301216A9284008C564A /* Sources */,
				8DE27302216A9284008C564A /* Frameworks */,
				8DE27303216A9284008C564A /* Resources */,
			);
			buildRules = (
			);
			dependencies = (
			);
			name = NewsFeed;
			productName = NewsFeed;
			productReference = 8DE27305216A9284008C564A /* NewsFeed.app */;
			productType = "com.apple.product-type.application";
		};
/* End PBXNativeTarget section */

/* Begin PBXProject section */
		8DE272FD216A9284008C564A /* Project object */ = {
			isa = PBXProject;
			attributes = {
				LastSwiftUpdateCheck = 1000;
				LastUpgradeCheck = 1000;
				ORGANIZATIONNAME = "Rafael de Paula";
				TargetAttributes = {
					8DE27304216A9284008C564A = {
						CreatedOnToolsVersion = 10.0;
					};
				};
			};
			buildConfigurationList = 8DE27300216A9284008C564A /* Build configuration list for PBXProject "NewsFeed" */;
			compatibilityVersion = "Xcode 9.3";
			developmentRegion = en;
			hasScannedForEncodings = 0;
			knownRegions = (
				en,
				Base,
			);
			mainGroup = 8DE272FC216A9284008C564A;
			productRefGroup = 8DE27306216A9284008C564A /* Products */;
			projectDirPath = "";
			projectRoot = "";
			targets = (
				8DE27304216A9284008C564A /* NewsFeed */,
			);
		};
/* End PBXProject section */

/* Begin PBXResourcesBuildPhase section */
		8DE27303216A9284008C564A /* Resources */ = {
			isa = PBXResourcesBuildPhase;
			buildActionMask = 2147483647;
			files = (
				8DE27313216A9286008C564A /* LaunchScreen.storyboard in Resources */,
				8DE27310216A9286008C564A /* Assets.xcassets in Resources */,
			);
			runOnlyForDeploymentPostprocessing = 0;
		};
/* End PBXResourcesBuildPhase section */

/* Begin PBXSourcesBuildPhase section */
		8DE27301216A9284008C564A /* Sources */ = {
			isa = PBXSourcesBuildPhase;
			buildActionMask = 2147483647;
			files = (
				8D2BC6A5216C522C006F5C31 /* NSObjectExtension.swift in Sources */,
				8DAF33AB216D893C00B37A4B /* News.swift in Sources */,
				8DAF33B5216D91D200B37A4B /* FeedListViewProtocol.swift in Sources */,
				8DE27327216A992A008C564A /* RequestClient.swift in Sources */,
				69509E9A216E33160087A822 /* UIColorExtension.swift in Sources */,
				8DE27321216A981C008C564A /* RequestMethod.swift in Sources */,
				8DAF33B3216D8BFB00B37A4B /* AppEnvironment.swift in Sources */,
				69509EA6216E9F020087A822 /* FeedDetailViewProtocol.swift in Sources */,
				8DE27309216A9284008C564A /* AppDelegate.swift in Sources */,
				69509E9C216E37D50087A822 /* UINavigationBarExtension.swift in Sources */,
				8DAF33A7216D7FCD00B37A4B /* FeedDetailViewController.swift in Sources */,
				8DAF33AF216D8B1400B37A4B /* Source.swift in Sources */,
				69509EA8216E9FBA0087A822 /* FeedDetailViewModel.swift in Sources */,
				8DE27334216AB41B008C564A /* FeedListViewController.swift in Sources */,
				69509EA0216E6AE40087A822 /* UIApplicationExtension.swift in Sources */,
				8DE2733E216C3446008C564A /* FeedItemCell.swift in Sources */,
				69509E9E216E4EB10087A822 /* FeedDetailPopAnimator.swift in Sources */,
				8DE27325216A98B5008C564A /* URLSessionRequestClient.swift in Sources */,
				8D2BC6A7216C5D77006F5C31 /* FeedListFlowLayout.swift in Sources */,
				8DAF33B1216D8B8B00B37A4B /* NewsService.swift in Sources */,
				8DAF33B9216D96FE00B37A4B /* FeedItemViewModel.swift in Sources */,
				8DE27323216A9867008C564A /* RequestClientProtocol.swift in Sources */,
				8DAF33B7216D920800B37A4B /* FeedListPresenter.swift in Sources */,
				8DE2731F216A97FC008C564A /* RequestError.swift in Sources */,
				69509EA2216E6F9D0087A822 /* UIViewControllerExtension.swift in Sources */,
				69509EA4216E9EF80087A822 /* FeedDetailPresenter.swift in Sources */,
				8DE2732C216A9FDE008C564A /* UIImageViewExtension.swift in Sources */,
				8DE2733A216AB849008C564A /* FeedRouter.swift in Sources */,
				8DAF33AD216D8A1200B37A4B /* Article.swift in Sources */,
			);
			runOnlyForDeploymentPostprocessing = 0;
		};
/* End PBXSourcesBuildPhase section */

/* Begin PBXVariantGroup section */
		8DE27311216A9286008C564A /* LaunchScreen.storyboard */ = {
			isa = PBXVariantGroup;
			children = (
				8DE27312216A9286008C564A /* Base */,
			);
			name = LaunchScreen.storyboard;
			sourceTree = "<group>";
		};
/* End PBXVariantGroup section */

/* Begin XCBuildConfiguration section */
		8DE27315216A9286008C564A /* Debug */ = {
			isa = XCBuildConfiguration;
			buildSettings = {
				ALWAYS_SEARCH_USER_PATHS = NO;
				CLANG_ANALYZER_NONNULL = YES;
				CLANG_ANALYZER_NUMBER_OBJECT_CONVERSION = YES_AGGRESSIVE;
				CLANG_CXX_LANGUAGE_STANDARD = "gnu++14";
				CLANG_CXX_LIBRARY = "libc++";
				CLANG_ENABLE_MODULES = YES;
				CLANG_ENABLE_OBJC_ARC = YES;
				CLANG_ENABLE_OBJC_WEAK = YES;
				CLANG_WARN_BLOCK_CAPTURE_AUTORELEASING = YES;
				CLANG_WARN_BOOL_CONVERSION = YES;
				CLANG_WARN_COMMA = YES;
				CLANG_WARN_CONSTANT_CONVERSION = YES;
				CLANG_WARN_DEPRECATED_OBJC_IMPLEMENTATIONS = YES;
				CLANG_WARN_DIRECT_OBJC_ISA_USAGE = YES_ERROR;
				CLANG_WARN_DOCUMENTATION_COMMENTS = YES;
				CLANG_WARN_EMPTY_BODY = YES;
				CLANG_WARN_ENUM_CONVERSION = YES;
				CLANG_WARN_INFINITE_RECURSION = YES;
				CLANG_WARN_INT_CONVERSION = YES;
				CLANG_WARN_NON_LITERAL_NULL_CONVERSION = YES;
				CLANG_WARN_OBJC_IMPLICIT_RETAIN_SELF = YES;
				CLANG_WARN_OBJC_LITERAL_CONVERSION = YES;
				CLANG_WARN_OBJC_ROOT_CLASS = YES_ERROR;
				CLANG_WARN_RANGE_LOOP_ANALYSIS = YES;
				CLANG_WARN_STRICT_PROTOTYPES = YES;
				CLANG_WARN_SUSPICIOUS_MOVE = YES;
				CLANG_WARN_UNGUARDED_AVAILABILITY = YES_AGGRESSIVE;
				CLANG_WARN_UNREACHABLE_CODE = YES;
				CLANG_WARN__DUPLICATE_METHOD_MATCH = YES;
				CODE_SIGN_IDENTITY = "iPhone Developer";
				COPY_PHASE_STRIP = NO;
				DEBUG_INFORMATION_FORMAT = dwarf;
				ENABLE_STRICT_OBJC_MSGSEND = YES;
				ENABLE_TESTABILITY = YES;
				GCC_C_LANGUAGE_STANDARD = gnu11;
				GCC_DYNAMIC_NO_PIC = NO;
				GCC_NO_COMMON_BLOCKS = YES;
				GCC_OPTIMIZATION_LEVEL = 0;
				GCC_PREPROCESSOR_DEFINITIONS = (
					"DEBUG=1",
					"$(inherited)",
				);
				GCC_WARN_64_TO_32_BIT_CONVERSION = YES;
				GCC_WARN_ABOUT_RETURN_TYPE = YES_ERROR;
				GCC_WARN_UNDECLARED_SELECTOR = YES;
				GCC_WARN_UNINITIALIZED_AUTOS = YES_AGGRESSIVE;
				GCC_WARN_UNUSED_FUNCTION = YES;
				GCC_WARN_UNUSED_VARIABLE = YES;
				IPHONEOS_DEPLOYMENT_TARGET = 12.0;
				MTL_ENABLE_DEBUG_INFO = INCLUDE_SOURCE;
				MTL_FAST_MATH = YES;
				ONLY_ACTIVE_ARCH = YES;
				SDKROOT = iphoneos;
				SWIFT_ACTIVE_COMPILATION_CONDITIONS = DEBUG;
				SWIFT_OPTIMIZATION_LEVEL = "-Onone";
			};
			name = Debug;
		};
		8DE27316216A9286008C564A /* Release */ = {
			isa = XCBuildConfiguration;
			buildSettings = {
				ALWAYS_SEARCH_USER_PATHS = NO;
				CLANG_ANALYZER_NONNULL = YES;
				CLANG_ANALYZER_NUMBER_OBJECT_CONVERSION = YES_AGGRESSIVE;
				CLANG_CXX_LANGUAGE_STANDARD = "gnu++14";
				CLANG_CXX_LIBRARY = "libc++";
				CLANG_ENABLE_MODULES = YES;
				CLANG_ENABLE_OBJC_ARC = YES;
				CLANG_ENABLE_OBJC_WEAK = YES;
				CLANG_WARN_BLOCK_CAPTURE_AUTORELEASING = YES;
				CLANG_WARN_BOOL_CONVERSION = YES;
				CLANG_WARN_COMMA = YES;
				CLANG_WARN_CONSTANT_CONVERSION = YES;
				CLANG_WARN_DEPRECATED_OBJC_IMPLEMENTATIONS = YES;
				CLANG_WARN_DIRECT_OBJC_ISA_USAGE = YES_ERROR;
				CLANG_WARN_DOCUMENTATION_COMMENTS = YES;
				CLANG_WARN_EMPTY_BODY = YES;
				CLANG_WARN_ENUM_CONVERSION = YES;
				CLANG_WARN_INFINITE_RECURSION = YES;
				CLANG_WARN_INT_CONVERSION = YES;
				CLANG_WARN_NON_LITERAL_NULL_CONVERSION = YES;
				CLANG_WARN_OBJC_IMPLICIT_RETAIN_SELF = YES;
				CLANG_WARN_OBJC_LITERAL_CONVERSION = YES;
				CLANG_WARN_OBJC_ROOT_CLASS = YES_ERROR;
				CLANG_WARN_RANGE_LOOP_ANALYSIS = YES;
				CLANG_WARN_STRICT_PROTOTYPES = YES;
				CLANG_WARN_SUSPICIOUS_MOVE = YES;
				CLANG_WARN_UNGUARDED_AVAILABILITY = YES_AGGRESSIVE;
				CLANG_WARN_UNREACHABLE_CODE = YES;
				CLANG_WARN__DUPLICATE_METHOD_MATCH = YES;
				CODE_SIGN_IDENTITY = "iPhone Developer";
				COPY_PHASE_STRIP = NO;
				DEBUG_INFORMATION_FORMAT = "dwarf-with-dsym";
				ENABLE_NS_ASSERTIONS = NO;
				ENABLE_STRICT_OBJC_MSGSEND = YES;
				GCC_C_LANGUAGE_STANDARD = gnu11;
				GCC_NO_COMMON_BLOCKS = YES;
				GCC_WARN_64_TO_32_BIT_CONVERSION = YES;
				GCC_WARN_ABOUT_RETURN_TYPE = YES_ERROR;
				GCC_WARN_UNDECLARED_SELECTOR = YES;
				GCC_WARN_UNINITIALIZED_AUTOS = YES_AGGRESSIVE;
				GCC_WARN_UNUSED_FUNCTION = YES;
				GCC_WARN_UNUSED_VARIABLE = YES;
				IPHONEOS_DEPLOYMENT_TARGET = 12.0;
				MTL_ENABLE_DEBUG_INFO = NO;
				MTL_FAST_MATH = YES;
				SDKROOT = iphoneos;
				SWIFT_COMPILATION_MODE = wholemodule;
				SWIFT_OPTIMIZATION_LEVEL = "-O";
				VALIDATE_PRODUCT = YES;
			};
			name = Release;
		};
		8DE27318216A9286008C564A /* Debug */ = {
			isa = XCBuildConfiguration;
			buildSettings = {
				ASSETCATALOG_COMPILER_APPICON_NAME = AppIcon;
				CODE_SIGN_STYLE = Automatic;
				DEVELOPMENT_TEAM = LB8UPYUFVF;
				INFOPLIST_FILE = "$(SRCROOT)/NewsFeed/Resources/Info.plist";
				IPHONEOS_DEPLOYMENT_TARGET = 10.0;
				LD_RUNPATH_SEARCH_PATHS = (
					"$(inherited)",
					"@executable_path/Frameworks",
				);
				PRODUCT_BUNDLE_IDENTIFIER = newsFeed10;
				PRODUCT_NAME = "$(TARGET_NAME)";
				SWIFT_VERSION = 4.2;
				TARGETED_DEVICE_FAMILY = "1,2";
			};
			name = Debug;
		};
		8DE27319216A9286008C564A /* Release */ = {
			isa = XCBuildConfiguration;
			buildSettings = {
				ASSETCATALOG_COMPILER_APPICON_NAME = AppIcon;
				CODE_SIGN_STYLE = Automatic;
				DEVELOPMENT_TEAM = LB8UPYUFVF;
				INFOPLIST_FILE = "$(SRCROOT)/NewsFeed/Resources/Info.plist";
				IPHONEOS_DEPLOYMENT_TARGET = 10.0;
				LD_RUNPATH_SEARCH_PATHS = (
					"$(inherited)",
					"@executable_path/Frameworks",
				);
				PRODUCT_BUNDLE_IDENTIFIER = newsFeed10;
				PRODUCT_NAME = "$(TARGET_NAME)";
				SWIFT_VERSION = 4.2;
				TARGETED_DEVICE_FAMILY = "1,2";
			};
			name = Release;
		};
/* End XCBuildConfiguration section */

/* Begin XCConfigurationList section */
		8DE27300216A9284008C564A /* Build configuration list for PBXProject "NewsFeed" */ = {
			isa = XCConfigurationList;
			buildConfigurations = (
				8DE27315216A9286008C564A /* Debug */,
				8DE27316216A9286008C564A /* Release */,
			);
			defaultConfigurationIsVisible = 0;
			defaultConfigurationName = Release;
		};
		8DE27317216A9286008C564A /* Build configuration list for PBXNativeTarget "NewsFeed" */ = {
			isa = XCConfigurationList;
			buildConfigurations = (
				8DE27318216A9286008C564A /* Debug */,
				8DE27319216A9286008C564A /* Release */,
			);
			defaultConfigurationIsVisible = 0;
			defaultConfigurationName = Release;
		};
/* End XCConfigurationList section */
	};
	rootObject = 8DE272FD216A9284008C564A /* Project object */;
}
